// !$*UTF8*$!
{
	archiveVersion = 1;
	classes = {
	};
	objectVersion = 50;
	objects = {

/* Begin PBXBuildFile section */
		8102647C2434C042005A662C /* FriendsPhotoController.swift in Sources */ = {isa = PBXBuildFile; fileRef = 8102647B2434C042005A662C /* FriendsPhotoController.swift */; };
		8102647E2434C093005A662C /* FriendsPhotoCell.swift in Sources */ = {isa = PBXBuildFile; fileRef = 8102647D2434C093005A662C /* FriendsPhotoCell.swift */; };
		81431344242A542600AC7EDE /* AppDelegate.swift in Sources */ = {isa = PBXBuildFile; fileRef = 81431343242A542600AC7EDE /* AppDelegate.swift */; };
		81431348242A542600AC7EDE /* LoginFormController.swift in Sources */ = {isa = PBXBuildFile; fileRef = 81431347242A542600AC7EDE /* LoginFormController.swift */; };
		8143134B242A542600AC7EDE /* Main.storyboard in Resources */ = {isa = PBXBuildFile; fileRef = 81431349242A542600AC7EDE /* Main.storyboard */; };
		8143134D242A542700AC7EDE /* Assets.xcassets in Resources */ = {isa = PBXBuildFile; fileRef = 8143134C242A542700AC7EDE /* Assets.xcassets */; };
		81431350242A542700AC7EDE /* LaunchScreen.storyboard in Resources */ = {isa = PBXBuildFile; fileRef = 8143134E242A542700AC7EDE /* LaunchScreen.storyboard */; };
		817FF6CE2436189D0037068F /* ModelUser.swift in Sources */ = {isa = PBXBuildFile; fileRef = 817FF6CD2436189D0037068F /* ModelUser.swift */; };
		817FF6D224361AEF0037068F /* Model​Group.swift in Sources */ = {isa = PBXBuildFile; fileRef = 817FF6D124361AEF0037068F /* Model​Group.swift */; };
		81DA86F02438EA57002E5BAB /* AvatarView.swift in Sources */ = {isa = PBXBuildFile; fileRef = 81DA86EF2438EA57002E5BAB /* AvatarView.swift */; };
		81DFBFB4243F45420094EAB2 /* PhotoView.swift in Sources */ = {isa = PBXBuildFile; fileRef = 81DFBFB3243F45420094EAB2 /* PhotoView.swift */; };
		81E6FDB42434A4C900E2A6B6 /* MyFriendsController.swift in Sources */ = {isa = PBXBuildFile; fileRef = 81E6FDB32434A4C900E2A6B6 /* MyFriendsController.swift */; };
		81E6FDB62434A5FF00E2A6B6 /* MyFriendsCell.swift in Sources */ = {isa = PBXBuildFile; fileRef = 81E6FDB52434A5FF00E2A6B6 /* MyFriendsCell.swift */; };
		81E6FDB82434A71F00E2A6B6 /* MyGroupsController.swift in Sources */ = {isa = PBXBuildFile; fileRef = 81E6FDB72434A71F00E2A6B6 /* MyGroupsController.swift */; };
		81E6FDBA2434A7AB00E2A6B6 /* MyGroupsCell.swift in Sources */ = {isa = PBXBuildFile; fileRef = 81E6FDB92434A7AB00E2A6B6 /* MyGroupsCell.swift */; };
		81E6FDBC2434B41C00E2A6B6 /* AllGroupsCell.swift in Sources */ = {isa = PBXBuildFile; fileRef = 81E6FDBB2434B41C00E2A6B6 /* AllGroupsCell.swift */; };
		81E6FDBE2434B55400E2A6B6 /* AllGroupsController.swift in Sources */ = {isa = PBXBuildFile; fileRef = 81E6FDBD2434B55400E2A6B6 /* AllGroupsController.swift */; };
/* End PBXBuildFile section */

/* Begin PBXFileReference section */
		8102647B2434C042005A662C /* FriendsPhotoController.swift */ = {isa = PBXFileReference; lastKnownFileType = sourcecode.swift; path = FriendsPhotoController.swift; sourceTree = "<group>"; };
		8102647D2434C093005A662C /* FriendsPhotoCell.swift */ = {isa = PBXFileReference; lastKnownFileType = sourcecode.swift; path = FriendsPhotoCell.swift; sourceTree = "<group>"; };
		81431340242A542600AC7EDE /* VK.app */ = {isa = PBXFileReference; explicitFileType = wrapper.application; includeInIndex = 0; path = VK.app; sourceTree = BUILT_PRODUCTS_DIR; };
		81431343242A542600AC7EDE /* AppDelegate.swift */ = {isa = PBXFileReference; lastKnownFileType = sourcecode.swift; path = AppDelegate.swift; sourceTree = "<group>"; };
		81431347242A542600AC7EDE /* LoginFormController.swift */ = {isa = PBXFileReference; lastKnownFileType = sourcecode.swift; path = LoginFormController.swift; sourceTree = "<group>"; };
		8143134A242A542600AC7EDE /* Base */ = {isa = PBXFileReference; lastKnownFileType = file.storyboard; name = Base; path = Base.lproj/Main.storyboard; sourceTree = "<group>"; };
		8143134C242A542700AC7EDE /* Assets.xcassets */ = {isa = PBXFileReference; lastKnownFileType = folder.assetcatalog; path = Assets.xcassets; sourceTree = "<group>"; };
		8143134F242A542700AC7EDE /* Base */ = {isa = PBXFileReference; lastKnownFileType = file.storyboard; name = Base; path = Base.lproj/LaunchScreen.storyboard; sourceTree = "<group>"; };
		81431351242A542700AC7EDE /* Info.plist */ = {isa = PBXFileReference; lastKnownFileType = text.plist.xml; path = Info.plist; sourceTree = "<group>"; };
		817FF6CD2436189D0037068F /* ModelUser.swift */ = {isa = PBXFileReference; lastKnownFileType = sourcecode.swift; path = ModelUser.swift; sourceTree = "<group>"; };
		817FF6D124361AEF0037068F /* Model​Group.swift */ = {isa = PBXFileReference; lastKnownFileType = sourcecode.swift; path = "Model​Group.swift"; sourceTree = "<group>"; };
		81DA86EF2438EA57002E5BAB /* AvatarView.swift */ = {isa = PBXFileReference; lastKnownFileType = sourcecode.swift; path = AvatarView.swift; sourceTree = "<group>"; };
		81DFBFB3243F45420094EAB2 /* PhotoView.swift */ = {isa = PBXFileReference; lastKnownFileType = sourcecode.swift; path = PhotoView.swift; sourceTree = "<group>"; };
		81E6FDB32434A4C900E2A6B6 /* MyFriendsController.swift */ = {isa = PBXFileReference; lastKnownFileType = sourcecode.swift; path = MyFriendsController.swift; sourceTree = "<group>"; };
		81E6FDB52434A5FF00E2A6B6 /* MyFriendsCell.swift */ = {isa = PBXFileReference; lastKnownFileType = sourcecode.swift; path = MyFriendsCell.swift; sourceTree = "<group>"; };
		81E6FDB72434A71F00E2A6B6 /* MyGroupsController.swift */ = {isa = PBXFileReference; lastKnownFileType = sourcecode.swift; path = MyGroupsController.swift; sourceTree = "<group>"; };
		81E6FDB92434A7AB00E2A6B6 /* MyGroupsCell.swift */ = {isa = PBXFileReference; lastKnownFileType = sourcecode.swift; path = MyGroupsCell.swift; sourceTree = "<group>"; };
		81E6FDBB2434B41C00E2A6B6 /* AllGroupsCell.swift */ = {isa = PBXFileReference; lastKnownFileType = sourcecode.swift; path = AllGroupsCell.swift; sourceTree = "<group>"; };
		81E6FDBD2434B55400E2A6B6 /* AllGroupsController.swift */ = {isa = PBXFileReference; lastKnownFileType = sourcecode.swift; path = AllGroupsController.swift; sourceTree = "<group>"; };
/* End PBXFileReference section */

/* Begin PBXFrameworksBuildPhase section */
		8143133D242A542600AC7EDE /* Frameworks */ = {
			isa = PBXFrameworksBuildPhase;
			buildActionMask = 2147483647;
			files = (
			);
			runOnlyForDeploymentPostprocessing = 0;
		};
/* End PBXFrameworksBuildPhase section */

/* Begin PBXGroup section */
		81431337242A542600AC7EDE = {
			isa = PBXGroup;
			children = (
				81431342242A542600AC7EDE /* VK */,
				81431341242A542600AC7EDE /* Products */,
			);
			sourceTree = "<group>";
		};
		81431341242A542600AC7EDE /* Products */ = {
			isa = PBXGroup;
			children = (
				81431340242A542600AC7EDE /* VK.app */,
			);
			name = Products;
			sourceTree = "<group>";
		};
		81431342242A542600AC7EDE /* VK */ = {
			isa = PBXGroup;
			children = (
				81A9C2F3243C24E6002CED77 /* LoginForm */,
				817FF6CC2436182C0037068F /* Model */,
				818AF713243A1AFC00C3B396 /* Avatar */,
				819D23A62434CD70005EBCC6 /* AllGroups */,
				819D23A52434CD32005EBCC6 /* MyGroups */,
				819D23A42434CC9B005EBCC6 /* MyFriends */,
				819D23A72434CD94005EBCC6 /* MyFriendsPhoto */,
				81431343242A542600AC7EDE /* AppDelegate.swift */,
				81431349242A542600AC7EDE /* Main.storyboard */,
				8143134C242A542700AC7EDE /* Assets.xcassets */,
				8143134E242A542700AC7EDE /* LaunchScreen.storyboard */,
				81431351242A542700AC7EDE /* Info.plist */,
			);
			path = VK;
			sourceTree = "<group>";
		};
		817FF6CC2436182C0037068F /* Model */ = {
			isa = PBXGroup;
			children = (
				817FF6CD2436189D0037068F /* ModelUser.swift */,
				817FF6D124361AEF0037068F /* Model​Group.swift */,
			);
			path = Model;
			sourceTree = "<group>";
		};
		818AF713243A1AFC00C3B396 /* Avatar */ = {
			isa = PBXGroup;
			children = (
				81DA86EF2438EA57002E5BAB /* AvatarView.swift */,
			);
			path = Avatar;
			sourceTree = "<group>";
		};
		819D23A42434CC9B005EBCC6 /* MyFriends */ = {
			isa = PBXGroup;
			children = (
				81E6FDB32434A4C900E2A6B6 /* MyFriendsController.swift */,
				81E6FDB52434A5FF00E2A6B6 /* MyFriendsCell.swift */,
			);
			path = MyFriends;
			sourceTree = "<group>";
		};
		819D23A52434CD32005EBCC6 /* MyGroups */ = {
			isa = PBXGroup;
			children = (
				81E6FDB72434A71F00E2A6B6 /* MyGroupsController.swift */,
				81E6FDB92434A7AB00E2A6B6 /* MyGroupsCell.swift */,
			);
			path = MyGroups;
			sourceTree = "<group>";
		};
		819D23A62434CD70005EBCC6 /* AllGroups */ = {
			isa = PBXGroup;
			children = (
				81E6FDBD2434B55400E2A6B6 /* AllGroupsController.swift */,
				81E6FDBB2434B41C00E2A6B6 /* AllGroupsCell.swift */,
			);
			name = AllGroups;
			sourceTree = "<group>";
		};
		819D23A72434CD94005EBCC6 /* MyFriendsPhoto */ = {
			isa = PBXGroup;
			children = (
				8102647B2434C042005A662C /* FriendsPhotoController.swift */,
				8102647D2434C093005A662C /* FriendsPhotoCell.swift */,
				81DFBFB3243F45420094EAB2 /* PhotoView.swift */,
			);
			path = MyFriendsPhoto;
			sourceTree = "<group>";
		};
		81A9C2F3243C24E6002CED77 /* LoginForm */ = {
			isa = PBXGroup;
			children = (
				81431347242A542600AC7EDE /* LoginFormController.swift */,
			);
			path = LoginForm;
			sourceTree = "<group>";
		};
/* End PBXGroup section */

/* Begin PBXNativeTarget section */
		8143133F242A542600AC7EDE /* VK */ = {
			isa = PBXNativeTarget;
			buildConfigurationList = 81431354242A542700AC7EDE /* Build configuration list for PBXNativeTarget "VK" */;
			buildPhases = (
				8143133C242A542600AC7EDE /* Sources */,
				8143133D242A542600AC7EDE /* Frameworks */,
				8143133E242A542600AC7EDE /* Resources */,
			);
			buildRules = (
			);
			dependencies = (
			);
			name = VK;
			productName = VK;
			productReference = 81431340242A542600AC7EDE /* VK.app */;
			productType = "com.apple.product-type.application";
		};
/* End PBXNativeTarget section */

/* Begin PBXProject section */
		81431338242A542600AC7EDE /* Project object */ = {
			isa = PBXProject;
			attributes = {
				LastSwiftUpdateCheck = 1130;
				LastUpgradeCheck = 1130;
				ORGANIZATIONNAME = "Михаил Егоров";
				TargetAttributes = {
					8143133F242A542600AC7EDE = {
						CreatedOnToolsVersion = 11.3.1;
					};
				};
			};
			buildConfigurationList = 8143133B242A542600AC7EDE /* Build configuration list for PBXProject "VK" */;
			compatibilityVersion = "Xcode 9.3";
			developmentRegion = en;
			hasScannedForEncodings = 0;
			knownRegions = (
				en,
				Base,
			);
			mainGroup = 81431337242A542600AC7EDE;
			productRefGroup = 81431341242A542600AC7EDE /* Products */;
			projectDirPath = "";
			projectRoot = "";
			targets = (
				8143133F242A542600AC7EDE /* VK */,
			);
		};
/* End PBXProject section */

/* Begin PBXResourcesBuildPhase section */
		8143133E242A542600AC7EDE /* Resources */ = {
			isa = PBXResourcesBuildPhase;
			buildActionMask = 2147483647;
			files = (
				81431350242A542700AC7EDE /* LaunchScreen.storyboard in Resources */,
				8143134D242A542700AC7EDE /* Assets.xcassets in Resources */,
				8143134B242A542600AC7EDE /* Main.storyboard in Resources */,
			);
			runOnlyForDeploymentPostprocessing = 0;
		};
/* End PBXResourcesBuildPhase section */

/* Begin PBXSourcesBuildPhase section */
		8143133C242A542600AC7EDE /* Sources */ = {
			isa = PBXSourcesBuildPhase;
			buildActionMask = 2147483647;
			files = (
				81431348242A542600AC7EDE /* LoginFormController.swift in Sources */,
				817FF6D224361AEF0037068F /* Model​Group.swift in Sources */,
				817FF6CE2436189D0037068F /* ModelUser.swift in Sources */,
				81E6FDBE2434B55400E2A6B6 /* AllGroupsController.swift in Sources */,
				81DA86F02438EA57002E5BAB /* AvatarView.swift in Sources */,
				81E6FDB42434A4C900E2A6B6 /* MyFriendsController.swift in Sources */,
				81431344242A542600AC7EDE /* AppDelegate.swift in Sources */,
				81E6FDBA2434A7AB00E2A6B6 /* MyGroupsCell.swift in Sources */,
				81E6FDBC2434B41C00E2A6B6 /* AllGroupsCell.swift in Sources */,
				81DFBFB4243F45420094EAB2 /* PhotoView.swift in Sources */,
				8102647C2434C042005A662C /* FriendsPhotoController.swift in Sources */,
				81E6FDB82434A71F00E2A6B6 /* MyGroupsController.swift in Sources */,
				8102647E2434C093005A662C /* FriendsPhotoCell.swift in Sources */,
				81E6FDB62434A5FF00E2A6B6 /* MyFriendsCell.swift in Sources */,
			);
			runOnlyForDeploymentPostprocessing = 0;
		};
/* End PBXSourcesBuildPhase section */

/* Begin PBXVariantGroup section */
		81431349242A542600AC7EDE /* Main.storyboard */ = {
			isa = PBXVariantGroup;
			children = (
				8143134A242A542600AC7EDE /* Base */,
			);
			name = Main.storyboard;
			sourceTree = "<group>";
		};
		8143134E242A542700AC7EDE /* LaunchScreen.storyboard */ = {
			isa = PBXVariantGroup;
			children = (
				8143134F242A542700AC7EDE /* Base */,
			);
			name = LaunchScreen.storyboard;
			sourceTree = "<group>";
		};
/* End PBXVariantGroup section */

/* Begin XCBuildConfiguration section */
		81431352242A542700AC7EDE /* Debug */ = {
			isa = XCBuildConfiguration;
			buildSettings = {
				ALWAYS_SEARCH_USER_PATHS = NO;
				CLANG_ANALYZER_NONNULL = YES;
				CLANG_ANALYZER_NUMBER_OBJECT_CONVERSION = YES_AGGRESSIVE;
				CLANG_CXX_LANGUAGE_STANDARD = "gnu++14";
				CLANG_CXX_LIBRARY = "libc++";
				CLANG_ENABLE_MODULES = YES;
				CLANG_ENABLE_OBJC_ARC = YES;
				CLANG_ENABLE_OBJC_WEAK = YES;
				CLANG_WARN_BLOCK_CAPTURE_AUTORELEASING = YES;
				CLANG_WARN_BOOL_CONVERSION = YES;
				CLANG_WARN_COMMA = YES;
				CLANG_WARN_CONSTANT_CONVERSION = YES;
				CLANG_WARN_DEPRECATED_OBJC_IMPLEMENTATIONS = YES;
				CLANG_WARN_DIRECT_OBJC_ISA_USAGE = YES_ERROR;
				CLANG_WARN_DOCUMENTATION_COMMENTS = YES;
				CLANG_WARN_EMPTY_BODY = YES;
				CLANG_WARN_ENUM_CONVERSION = YES;
				CLANG_WARN_INFINITE_RECURSION = YES;
				CLANG_WARN_INT_CONVERSION = YES;
				CLANG_WARN_NON_LITERAL_NULL_CONVERSION = YES;
				CLANG_WARN_OBJC_IMPLICIT_RETAIN_SELF = YES;
				CLANG_WARN_OBJC_LITERAL_CONVERSION = YES;
				CLANG_WARN_OBJC_ROOT_CLASS = YES_ERROR;
				CLANG_WARN_RANGE_LOOP_ANALYSIS = YES;
				CLANG_WARN_STRICT_PROTOTYPES = YES;
				CLANG_WARN_SUSPICIOUS_MOVE = YES;
				CLANG_WARN_UNGUARDED_AVAILABILITY = YES_AGGRESSIVE;
				CLANG_WARN_UNREACHABLE_CODE = YES;
				CLANG_WARN__DUPLICATE_METHOD_MATCH = YES;
				COPY_PHASE_STRIP = NO;
				DEBUG_INFORMATION_FORMAT = dwarf;
				ENABLE_STRICT_OBJC_MSGSEND = YES;
				ENABLE_TESTABILITY = YES;
				GCC_C_LANGUAGE_STANDARD = gnu11;
				GCC_DYNAMIC_NO_PIC = NO;
				GCC_NO_COMMON_BLOCKS = YES;
				GCC_OPTIMIZATION_LEVEL = 0;
				GCC_PREPROCESSOR_DEFINITIONS = (
					"DEBUG=1",
					"$(inherited)",
				);
				GCC_WARN_64_TO_32_BIT_CONVERSION = YES;
				GCC_WARN_ABOUT_RETURN_TYPE = YES_ERROR;
				GCC_WARN_UNDECLARED_SELECTOR = YES;
				GCC_WARN_UNINITIALIZED_AUTOS = YES_AGGRESSIVE;
				GCC_WARN_UNUSED_FUNCTION = YES;
				GCC_WARN_UNUSED_VARIABLE = YES;
				IPHONEOS_DEPLOYMENT_TARGET = 13.2;
				MTL_ENABLE_DEBUG_INFO = INCLUDE_SOURCE;
				MTL_FAST_MATH = YES;
				ONLY_ACTIVE_ARCH = YES;
				SDKROOT = iphoneos;
				SWIFT_ACTIVE_COMPILATION_CONDITIONS = DEBUG;
				SWIFT_OPTIMIZATION_LEVEL = "-Onone";
			};
			name = Debug;
		};
		81431353242A542700AC7EDE /* Release */ = {
			isa = XCBuildConfiguration;
			buildSettings = {
				ALWAYS_SEARCH_USER_PATHS = NO;
				CLANG_ANALYZER_NONNULL = YES;
				CLANG_ANALYZER_NUMBER_OBJECT_CONVERSION = YES_AGGRESSIVE;
				CLANG_CXX_LANGUAGE_STANDARD = "gnu++14";
				CLANG_CXX_LIBRARY = "libc++";
				CLANG_ENABLE_MODULES = YES;
				CLANG_ENABLE_OBJC_ARC = YES;
				CLANG_ENABLE_OBJC_WEAK = YES;
				CLANG_WARN_BLOCK_CAPTURE_AUTORELEASING = YES;
				CLANG_WARN_BOOL_CONVERSION = YES;
				CLANG_WARN_COMMA = YES;
				CLANG_WARN_CONSTANT_CONVERSION = YES;
				CLANG_WARN_DEPRECATED_OBJC_IMPLEMENTATIONS = YES;
				CLANG_WARN_DIRECT_OBJC_ISA_USAGE = YES_ERROR;
				CLANG_WARN_DOCUMENTATION_COMMENTS = YES;
				CLANG_WARN_EMPTY_BODY = YES;
				CLANG_WARN_ENUM_CONVERSION = YES;
				CLANG_WARN_INFINITE_RECURSION = YES;
				CLANG_WARN_INT_CONVERSION = YES;
				CLANG_WARN_NON_LITERAL_NULL_CONVERSION = YES;
				CLANG_WARN_OBJC_IMPLICIT_RETAIN_SELF = YES;
				CLANG_WARN_OBJC_LITERAL_CONVERSION = YES;
				CLANG_WARN_OBJC_ROOT_CLASS = YES_ERROR;
				CLANG_WARN_RANGE_LOOP_ANALYSIS = YES;
				CLANG_WARN_STRICT_PROTOTYPES = YES;
				CLANG_WARN_SUSPICIOUS_MOVE = YES;
				CLANG_WARN_UNGUARDED_AVAILABILITY = YES_AGGRESSIVE;
				CLANG_WARN_UNREACHABLE_CODE = YES;
				CLANG_WARN__DUPLICATE_METHOD_MATCH = YES;
				COPY_PHASE_STRIP = NO;
				DEBUG_INFORMATION_FORMAT = "dwarf-with-dsym";
				ENABLE_NS_ASSERTIONS = NO;
				ENABLE_STRICT_OBJC_MSGSEND = YES;
				GCC_C_LANGUAGE_STANDARD = gnu11;
				GCC_NO_COMMON_BLOCKS = YES;
				GCC_WARN_64_TO_32_BIT_CONVERSION = YES;
				GCC_WARN_ABOUT_RETURN_TYPE = YES_ERROR;
				GCC_WARN_UNDECLARED_SELECTOR = YES;
				GCC_WARN_UNINITIALIZED_AUTOS = YES_AGGRESSIVE;
				GCC_WARN_UNUSED_FUNCTION = YES;
				GCC_WARN_UNUSED_VARIABLE = YES;
				IPHONEOS_DEPLOYMENT_TARGET = 13.2;
				MTL_ENABLE_DEBUG_INFO = NO;
				MTL_FAST_MATH = YES;
				SDKROOT = iphoneos;
				SWIFT_COMPILATION_MODE = wholemodule;
				SWIFT_OPTIMIZATION_LEVEL = "-O";
				VALIDATE_PRODUCT = YES;
			};
			name = Release;
		};
		81431355242A542700AC7EDE /* Debug */ = {
			isa = XCBuildConfiguration;
			buildSettings = {
				ASSETCATALOG_COMPILER_APPICON_NAME = AppIcon;
				CODE_SIGN_STYLE = Automatic;
				DEVELOPMENT_TEAM = SPAUA3R9XX;
				INFOPLIST_FILE = VK/Info.plist;
				IPHONEOS_DEPLOYMENT_TARGET = 13.0;
				LD_RUNPATH_SEARCH_PATHS = (
					"$(inherited)",
					"@executable_path/Frameworks",
				);
				PRODUCT_BUNDLE_IDENTIFIER = "egorovmikhail-bk.ru.VK";
				PRODUCT_NAME = "$(TARGET_NAME)";
				SWIFT_VERSION = 5.0;
				TARGETED_DEVICE_FAMILY = "1,2";
			};
			name = Debug;
		};
		81431356242A542700AC7EDE /* Release */ = {
			isa = XCBuildConfiguration;
			buildSettings = {
				ASSETCATALOG_COMPILER_APPICON_NAME = AppIcon;
				CODE_SIGN_STYLE = Automatic;
				DEVELOPMENT_TEAM = SPAUA3R9XX;
				INFOPLIST_FILE = VK/Info.plist;
				IPHONEOS_DEPLOYMENT_TARGET = 13.0;
				LD_RUNPATH_SEARCH_PATHS = (
					"$(inherited)",
					"@executable_path/Frameworks",
				);
				PRODUCT_BUNDLE_IDENTIFIER = "egorovmikhail-bk.ru.VK";
				PRODUCT_NAME = "$(TARGET_NAME)";
				SWIFT_VERSION = 5.0;
				TARGETED_DEVICE_FAMILY = "1,2";
			};
			name = Release;
		};
/* End XCBuildConfiguration section */

/* Begin XCConfigurationList section */
		8143133B242A542600AC7EDE /* Build configuration list for PBXProject "VK" */ = {
			isa = XCConfigurationList;
			buildConfigurations = (
				81431352242A542700AC7EDE /* Debug */,
				81431353242A542700AC7EDE /* Release */,
			);
			defaultConfigurationIsVisible = 0;
			defaultConfigurationName = Release;
		};
		81431354242A542700AC7EDE /* Build configuration list for PBXNativeTarget "VK" */ = {
			isa = XCConfigurationList;
			buildConfigurations = (
				81431355242A542700AC7EDE /* Debug */,
				81431356242A542700AC7EDE /* Release */,
			);
			defaultConfigurationIsVisible = 0;
			defaultConfigurationName = Release;
		};
/* End XCConfigurationList section */
	};
	rootObject = 81431338242A542600AC7EDE /* Project object */;
}
