// !$*UTF8*$!
{
	archiveVersion = 1;
	classes = {
	};
	objectVersion = 51;
	objects = {

/* Begin PBXBuildFile section */
		8102647C2434C042005A662C /* FriendsPhotoController.swift in Sources */ = {isa = PBXBuildFile; fileRef = 8102647B2434C042005A662C /* FriendsPhotoController.swift */; };
		8102647E2434C093005A662C /* FriendsPhotoCell.swift in Sources */ = {isa = PBXBuildFile; fileRef = 8102647D2434C093005A662C /* FriendsPhotoCell.swift */; };
		811F0972244AF31D005419D0 /* LikeButton.swift in Sources */ = {isa = PBXBuildFile; fileRef = 811F0971244AF31D005419D0 /* LikeButton.swift */; };
		812A580224600933004BACB9 /* PhotoViewController.swift in Sources */ = {isa = PBXBuildFile; fileRef = 812A580124600933004BACB9 /* PhotoViewController.swift */; };
		81431344242A542600AC7EDE /* AppDelegate.swift in Sources */ = {isa = PBXBuildFile; fileRef = 81431343242A542600AC7EDE /* AppDelegate.swift */; };
		81431348242A542600AC7EDE /* LoginFormController.swift in Sources */ = {isa = PBXBuildFile; fileRef = 81431347242A542600AC7EDE /* LoginFormController.swift */; };
		8143134B242A542600AC7EDE /* Main.storyboard in Resources */ = {isa = PBXBuildFile; fileRef = 81431349242A542600AC7EDE /* Main.storyboard */; };
		8143134D242A542700AC7EDE /* Assets.xcassets in Resources */ = {isa = PBXBuildFile; fileRef = 8143134C242A542700AC7EDE /* Assets.xcassets */; };
		81431350242A542700AC7EDE /* LaunchScreen.storyboard in Resources */ = {isa = PBXBuildFile; fileRef = 8143134E242A542700AC7EDE /* LaunchScreen.storyboard */; };
		81525F252474B976002122A5 /* User.swift in Sources */ = {isa = PBXBuildFile; fileRef = 81525F242474B976002122A5 /* User.swift */; };
		81525F272474E640002122A5 /* Photo.swift in Sources */ = {isa = PBXBuildFile; fileRef = 81525F262474E640002122A5 /* Photo.swift */; };
		81525F292474E66C002122A5 /* Group.swift in Sources */ = {isa = PBXBuildFile; fileRef = 81525F282474E66C002122A5 /* Group.swift */; };
		817E9E4725EBAFFC0029789B /* NewsTextCell.swift in Sources */ = {isa = PBXBuildFile; fileRef = 817E9E4625EBAFFC0029789B /* NewsTextCell.swift */; };
		817E9E4A25EBB0E00029789B /* NewsImageCell.swift in Sources */ = {isa = PBXBuildFile; fileRef = 817E9E4925EBB0E00029789B /* NewsImageCell.swift */; };
		817E9E5025EBC9410029789B /* NewsVC.swift in Sources */ = {isa = PBXBuildFile; fileRef = 817E9E4F25EBC9410029789B /* NewsVC.swift */; };
		81805EEC247108E4009E95E7 /* APIRequests.swift in Sources */ = {isa = PBXBuildFile; fileRef = 81805EEB247108E4009E95E7 /* APIRequests.swift */; };
		818AEBD7246D96EF00B989B0 /* WebKit.framework in Frameworks */ = {isa = PBXBuildFile; fileRef = 818AEBD6246D96EF00B989B0 /* WebKit.framework */; settings = {ATTRIBUTES = (Required, ); }; };
		8190149E2469874100EEA322 /* Session.swift in Sources */ = {isa = PBXBuildFile; fileRef = 8190149D2469874100EEA322 /* Session.swift */; };
		81B23AC625F2995900777E23 /* News.swift in Sources */ = {isa = PBXBuildFile; fileRef = 81B23AC525F2995900777E23 /* News.swift */; };
		81BECEB725ED082E00687F18 /* AuthorNewsCell.swift in Sources */ = {isa = PBXBuildFile; fileRef = 81BECEB625ED082E00687F18 /* AuthorNewsCell.swift */; };
		81BECEBB25ED086D00687F18 /* NewsFooterCell.swift in Sources */ = {isa = PBXBuildFile; fileRef = 81BECEBA25ED086D00687F18 /* NewsFooterCell.swift */; };
		81C588F025F91E5300E53864 /* DotLoadView.swift in Sources */ = {isa = PBXBuildFile; fileRef = 81C588EF25F91E5300E53864 /* DotLoadView.swift */; };
		81DA86F02438EA57002E5BAB /* AvatarView.swift in Sources */ = {isa = PBXBuildFile; fileRef = 81DA86EF2438EA57002E5BAB /* AvatarView.swift */; };
		81DFBFB4243F45420094EAB2 /* PhotoView.swift in Sources */ = {isa = PBXBuildFile; fileRef = 81DFBFB3243F45420094EAB2 /* PhotoView.swift */; };
		81E6FDB42434A4C900E2A6B6 /* MyFriendsController.swift in Sources */ = {isa = PBXBuildFile; fileRef = 81E6FDB32434A4C900E2A6B6 /* MyFriendsController.swift */; };
		81E6FDB62434A5FF00E2A6B6 /* MyFriendsCell.swift in Sources */ = {isa = PBXBuildFile; fileRef = 81E6FDB52434A5FF00E2A6B6 /* MyFriendsCell.swift */; };
		81E6FDB82434A71F00E2A6B6 /* MyGroupsController.swift in Sources */ = {isa = PBXBuildFile; fileRef = 81E6FDB72434A71F00E2A6B6 /* MyGroupsController.swift */; };
		81E6FDBA2434A7AB00E2A6B6 /* MyGroupsCell.swift in Sources */ = {isa = PBXBuildFile; fileRef = 81E6FDB92434A7AB00E2A6B6 /* MyGroupsCell.swift */; };
		81E6FDBC2434B41C00E2A6B6 /* AllGroupsCell.swift in Sources */ = {isa = PBXBuildFile; fileRef = 81E6FDBB2434B41C00E2A6B6 /* AllGroupsCell.swift */; };
		81E6FDBE2434B55400E2A6B6 /* AllGroupsController.swift in Sources */ = {isa = PBXBuildFile; fileRef = 81E6FDBD2434B55400E2A6B6 /* AllGroupsController.swift */; };
		E776648DE60CD9704C7679AB /* Pods_VK.framework in Frameworks */ = {isa = PBXBuildFile; fileRef = 81C3B69A25F90A3500B9896B /* Pods_VK.framework */; };
/* End PBXBuildFile section */

/* Begin PBXFileReference section */
		0655DE91FB76B7CD6FE78BC2 /* Pods-VK.debug.xcconfig */ = {isa = PBXFileReference; includeInIndex = 1; lastKnownFileType = text.xcconfig; name = "Pods-VK.debug.xcconfig"; path = "Target Support Files/Pods-VK/Pods-VK.debug.xcconfig"; sourceTree = "<group>"; };
		314D77913B0EDD0CD5A235BE /* Pods-VK.release.xcconfig */ = {isa = PBXFileReference; includeInIndex = 1; lastKnownFileType = text.xcconfig; name = "Pods-VK.release.xcconfig"; path = "Target Support Files/Pods-VK/Pods-VK.release.xcconfig"; sourceTree = "<group>"; };
		8102647B2434C042005A662C /* FriendsPhotoController.swift */ = {isa = PBXFileReference; lastKnownFileType = sourcecode.swift; path = FriendsPhotoController.swift; sourceTree = "<group>"; };
		8102647D2434C093005A662C /* FriendsPhotoCell.swift */ = {isa = PBXFileReference; lastKnownFileType = sourcecode.swift; path = FriendsPhotoCell.swift; sourceTree = "<group>"; };
		811F0971244AF31D005419D0 /* LikeButton.swift */ = {isa = PBXFileReference; lastKnownFileType = sourcecode.swift; path = LikeButton.swift; sourceTree = "<group>"; };
		812A580124600933004BACB9 /* PhotoViewController.swift */ = {isa = PBXFileReference; lastKnownFileType = sourcecode.swift; path = PhotoViewController.swift; sourceTree = "<group>"; };
		81431340242A542600AC7EDE /* VK.app */ = {isa = PBXFileReference; explicitFileType = wrapper.application; includeInIndex = 0; path = VK.app; sourceTree = BUILT_PRODUCTS_DIR; };
		81431343242A542600AC7EDE /* AppDelegate.swift */ = {isa = PBXFileReference; lastKnownFileType = sourcecode.swift; path = AppDelegate.swift; sourceTree = "<group>"; };
		81431347242A542600AC7EDE /* LoginFormController.swift */ = {isa = PBXFileReference; lastKnownFileType = sourcecode.swift; path = LoginFormController.swift; sourceTree = "<group>"; };
		8143134A242A542600AC7EDE /* Base */ = {isa = PBXFileReference; lastKnownFileType = file.storyboard; name = Base; path = Base.lproj/Main.storyboard; sourceTree = "<group>"; };
		8143134C242A542700AC7EDE /* Assets.xcassets */ = {isa = PBXFileReference; lastKnownFileType = folder.assetcatalog; path = Assets.xcassets; sourceTree = "<group>"; };
		8143134F242A542700AC7EDE /* Base */ = {isa = PBXFileReference; lastKnownFileType = file.storyboard; name = Base; path = Base.lproj/LaunchScreen.storyboard; sourceTree = "<group>"; };
		81431351242A542700AC7EDE /* Info.plist */ = {isa = PBXFileReference; lastKnownFileType = text.plist.xml; path = Info.plist; sourceTree = "<group>"; };
		81525F242474B976002122A5 /* User.swift */ = {isa = PBXFileReference; lastKnownFileType = sourcecode.swift; path = User.swift; sourceTree = "<group>"; };
		81525F262474E640002122A5 /* Photo.swift */ = {isa = PBXFileReference; lastKnownFileType = sourcecode.swift; path = Photo.swift; sourceTree = "<group>"; };
		81525F282474E66C002122A5 /* Group.swift */ = {isa = PBXFileReference; lastKnownFileType = sourcecode.swift; path = Group.swift; sourceTree = "<group>"; };
		817E9E4625EBAFFC0029789B /* NewsTextCell.swift */ = {isa = PBXFileReference; lastKnownFileType = sourcecode.swift; path = NewsTextCell.swift; sourceTree = "<group>"; };
		817E9E4925EBB0E00029789B /* NewsImageCell.swift */ = {isa = PBXFileReference; lastKnownFileType = sourcecode.swift; path = NewsImageCell.swift; sourceTree = "<group>"; };
		817E9E4F25EBC9410029789B /* NewsVC.swift */ = {isa = PBXFileReference; lastKnownFileType = sourcecode.swift; path = NewsVC.swift; sourceTree = "<group>"; };
		81805EEB247108E4009E95E7 /* APIRequests.swift */ = {isa = PBXFileReference; lastKnownFileType = sourcecode.swift; path = APIRequests.swift; sourceTree = "<group>"; };
		818AEBD6246D96EF00B989B0 /* WebKit.framework */ = {isa = PBXFileReference; lastKnownFileType = wrapper.framework; name = WebKit.framework; path = System/Library/Frameworks/WebKit.framework; sourceTree = SDKROOT; };
		8190149D2469874100EEA322 /* Session.swift */ = {isa = PBXFileReference; lastKnownFileType = sourcecode.swift; path = Session.swift; sourceTree = "<group>"; };
		81B23AC525F2995900777E23 /* News.swift */ = {isa = PBXFileReference; lastKnownFileType = sourcecode.swift; path = News.swift; sourceTree = "<group>"; };
		81BECEB625ED082E00687F18 /* AuthorNewsCell.swift */ = {isa = PBXFileReference; lastKnownFileType = sourcecode.swift; path = AuthorNewsCell.swift; sourceTree = "<group>"; };
		81BECEBA25ED086D00687F18 /* NewsFooterCell.swift */ = {isa = PBXFileReference; lastKnownFileType = sourcecode.swift; path = NewsFooterCell.swift; sourceTree = "<group>"; };
		81C3B69A25F90A3500B9896B /* Pods_VK.framework */ = {isa = PBXFileReference; explicitFileType = wrapper.framework; path = Pods_VK.framework; sourceTree = BUILT_PRODUCTS_DIR; };
		81C588EF25F91E5300E53864 /* DotLoadView.swift */ = {isa = PBXFileReference; lastKnownFileType = sourcecode.swift; path = DotLoadView.swift; sourceTree = "<group>"; };
		81DA86EF2438EA57002E5BAB /* AvatarView.swift */ = {isa = PBXFileReference; lastKnownFileType = sourcecode.swift; path = AvatarView.swift; sourceTree = "<group>"; };
		81DFBFB3243F45420094EAB2 /* PhotoView.swift */ = {isa = PBXFileReference; lastKnownFileType = sourcecode.swift; path = PhotoView.swift; sourceTree = "<group>"; };
		81E6FDB32434A4C900E2A6B6 /* MyFriendsController.swift */ = {isa = PBXFileReference; lastKnownFileType = sourcecode.swift; path = MyFriendsController.swift; sourceTree = "<group>"; };
		81E6FDB52434A5FF00E2A6B6 /* MyFriendsCell.swift */ = {isa = PBXFileReference; lastKnownFileType = sourcecode.swift; path = MyFriendsCell.swift; sourceTree = "<group>"; };
		81E6FDB72434A71F00E2A6B6 /* MyGroupsController.swift */ = {isa = PBXFileReference; lastKnownFileType = sourcecode.swift; path = MyGroupsController.swift; sourceTree = "<group>"; };
		81E6FDB92434A7AB00E2A6B6 /* MyGroupsCell.swift */ = {isa = PBXFileReference; lastKnownFileType = sourcecode.swift; path = MyGroupsCell.swift; sourceTree = "<group>"; };
		81E6FDBB2434B41C00E2A6B6 /* AllGroupsCell.swift */ = {isa = PBXFileReference; lastKnownFileType = sourcecode.swift; path = AllGroupsCell.swift; sourceTree = "<group>"; };
		81E6FDBD2434B55400E2A6B6 /* AllGroupsController.swift */ = {isa = PBXFileReference; lastKnownFileType = sourcecode.swift; path = AllGroupsController.swift; sourceTree = "<group>"; };
		876B2C0A97D4BB60A7AFD068 /* Pods_VK.framework */ = {isa = PBXFileReference; explicitFileType = wrapper.framework; includeInIndex = 0; path = Pods_VK.framework; sourceTree = BUILT_PRODUCTS_DIR; };
/* End PBXFileReference section */

/* Begin PBXFrameworksBuildPhase section */
		8143133D242A542600AC7EDE /* Frameworks */ = {
			isa = PBXFrameworksBuildPhase;
			buildActionMask = 2147483647;
			files = (
				818AEBD7246D96EF00B989B0 /* WebKit.framework in Frameworks */,
				E776648DE60CD9704C7679AB /* Pods_VK.framework in Frameworks */,
			);
			runOnlyForDeploymentPostprocessing = 0;
		};
/* End PBXFrameworksBuildPhase section */

/* Begin PBXGroup section */
		81431337242A542600AC7EDE = {
			isa = PBXGroup;
			children = (
				81431342242A542600AC7EDE /* VK */,
				81431341242A542600AC7EDE /* Products */,
				818AEBD5246D96EF00B989B0 /* Frameworks */,
				E01535D006F5BADB25644D39 /* Pods */,
			);
			sourceTree = "<group>";
		};
		81431341242A542600AC7EDE /* Products */ = {
			isa = PBXGroup;
			children = (
				81431340242A542600AC7EDE /* VK.app */,
			);
			name = Products;
			sourceTree = "<group>";
		};
		81431342242A542600AC7EDE /* VK */ = {
			isa = PBXGroup;
			children = (
				8190149F2469897100EEA322 /* Session */,
				817FF6CC2436182C0037068F /* Model */,
				81A9C2F3243C24E6002CED77 /* LoginForm */,
				818AF713243A1AFC00C3B396 /* CustomComponents */,
				819D23A62434CD70005EBCC6 /* AllGroups */,
				819D23A52434CD32005EBCC6 /* MyGroups */,
				819D23A42434CC9B005EBCC6 /* MyFriends */,
				819D23A72434CD94005EBCC6 /* MyFriendsPhoto */,
				81CDA890246811870097625C /*  News */,
				81431349242A542600AC7EDE /* Main.storyboard */,
				8143134C242A542700AC7EDE /* Assets.xcassets */,
				81431343242A542600AC7EDE /* AppDelegate.swift */,
				8143134E242A542700AC7EDE /* LaunchScreen.storyboard */,
				81431351242A542700AC7EDE /* Info.plist */,
			);
			path = VK;
			sourceTree = "<group>";
		};
		817FF6CC2436182C0037068F /* Model */ = {
			isa = PBXGroup;
			children = (
				81525F242474B976002122A5 /* User.swift */,
				81525F282474E66C002122A5 /* Group.swift */,
				81525F262474E640002122A5 /* Photo.swift */,
				81B23AC525F2995900777E23 /* News.swift */,
			);
			path = Model;
			sourceTree = "<group>";
		};
		818AEBD5246D96EF00B989B0 /* Frameworks */ = {
			isa = PBXGroup;
			children = (
				81C3B69A25F90A3500B9896B /* Pods_VK.framework */,
				818AEBD6246D96EF00B989B0 /* WebKit.framework */,
				876B2C0A97D4BB60A7AFD068 /* Pods_VK.framework */,
			);
			name = Frameworks;
			sourceTree = "<group>";
		};
		818AF713243A1AFC00C3B396 /* CustomComponents */ = {
			isa = PBXGroup;
			children = (
				811F0971244AF31D005419D0 /* LikeButton.swift */,
				81DA86EF2438EA57002E5BAB /* AvatarView.swift */,
				81C588EF25F91E5300E53864 /* DotLoadView.swift */,
			);
			path = CustomComponents;
			sourceTree = "<group>";
		};
		8190149F2469897100EEA322 /* Session */ = {
			isa = PBXGroup;
			children = (
				8190149D2469874100EEA322 /* Session.swift */,
				81805EEB247108E4009E95E7 /* APIRequests.swift */,
			);
			path = Session;
			sourceTree = "<group>";
		};
		819D23A42434CC9B005EBCC6 /* MyFriends */ = {
			isa = PBXGroup;
			children = (
				81E6FDB32434A4C900E2A6B6 /* MyFriendsController.swift */,
				81E6FDB52434A5FF00E2A6B6 /* MyFriendsCell.swift */,
			);
			path = MyFriends;
			sourceTree = "<group>";
		};
		819D23A52434CD32005EBCC6 /* MyGroups */ = {
			isa = PBXGroup;
			children = (
				81E6FDB72434A71F00E2A6B6 /* MyGroupsController.swift */,
				81E6FDB92434A7AB00E2A6B6 /* MyGroupsCell.swift */,
			);
			path = MyGroups;
			sourceTree = "<group>";
		};
		819D23A62434CD70005EBCC6 /* AllGroups */ = {
			isa = PBXGroup;
			children = (
				81E6FDBD2434B55400E2A6B6 /* AllGroupsController.swift */,
				81E6FDBB2434B41C00E2A6B6 /* AllGroupsCell.swift */,
			);
			name = AllGroups;
			sourceTree = "<group>";
		};
		819D23A72434CD94005EBCC6 /* MyFriendsPhoto */ = {
			isa = PBXGroup;
			children = (
				8102647B2434C042005A662C /* FriendsPhotoController.swift */,
				8102647D2434C093005A662C /* FriendsPhotoCell.swift */,
				81DFBFB3243F45420094EAB2 /* PhotoView.swift */,
				812A580124600933004BACB9 /* PhotoViewController.swift */,
			);
			path = MyFriendsPhoto;
			sourceTree = "<group>";
		};
		81A9C2F3243C24E6002CED77 /* LoginForm */ = {
			isa = PBXGroup;
			children = (
				81431347242A542600AC7EDE /* LoginFormController.swift */,
			);
			path = LoginForm;
			sourceTree = "<group>";
		};
		81CDA890246811870097625C /*  News */ = {
			isa = PBXGroup;
			children = (
				817E9E4F25EBC9410029789B /* NewsVC.swift */,
				81BECEB625ED082E00687F18 /* AuthorNewsCell.swift */,
				817E9E4625EBAFFC0029789B /* NewsTextCell.swift */,
				817E9E4925EBB0E00029789B /* NewsImageCell.swift */,
				81BECEBA25ED086D00687F18 /* NewsFooterCell.swift */,
			);
			path = " News";
			sourceTree = "<group>";
		};
		E01535D006F5BADB25644D39 /* Pods */ = {
			isa = PBXGroup;
			children = (
				0655DE91FB76B7CD6FE78BC2 /* Pods-VK.debug.xcconfig */,
				314D77913B0EDD0CD5A235BE /* Pods-VK.release.xcconfig */,
			);
			path = Pods;
			sourceTree = "<group>";
		};
/* End PBXGroup section */

/* Begin PBXHeadersBuildPhase section */
		8183FCFC25FDDB7400E2E945 /* Headers */ = {
			isa = PBXHeadersBuildPhase;
			buildActionMask = 2147483647;
			files = (
			);
			runOnlyForDeploymentPostprocessing = 0;
		};
/* End PBXHeadersBuildPhase section */

/* Begin PBXNativeTarget section */
		8143133F242A542600AC7EDE /* VK */ = {
			isa = PBXNativeTarget;
			buildConfigurationList = 81431354242A542700AC7EDE /* Build configuration list for PBXNativeTarget "VK" */;
			buildPhases = (
				73EEE26561E680FD3ADD194A /* [CP] Check Pods Manifest.lock */,
				8183FCFC25FDDB7400E2E945 /* Headers */,
				8143133C242A542600AC7EDE /* Sources */,
				8143133D242A542600AC7EDE /* Frameworks */,
				8143133E242A542600AC7EDE /* Resources */,
				5FEBF564D9FFAA19A094BE93 /* [CP] Embed Pods Frameworks */,
			);
			buildRules = (
			);
			dependencies = (
			);
			name = VK;
			productName = VK;
			productReference = 81431340242A542600AC7EDE /* VK.app */;
			productType = "com.apple.product-type.application";
		};
/* End PBXNativeTarget section */

/* Begin PBXProject section */
		81431338242A542600AC7EDE /* Project object */ = {
			isa = PBXProject;
			attributes = {
				LastSwiftUpdateCheck = 1130;
				LastUpgradeCheck = 1220;
				ORGANIZATIONNAME = "Михаил Егоров";
				TargetAttributes = {
					8143133F242A542600AC7EDE = {
						CreatedOnToolsVersion = 11.3.1;
					};
				};
			};
			buildConfigurationList = 8143133B242A542600AC7EDE /* Build configuration list for PBXProject "VK" */;
			compatibilityVersion = "Xcode 9.3";
			developmentRegion = en;
			hasScannedForEncodings = 0;
			knownRegions = (
				en,
				Base,
			);
			mainGroup = 81431337242A542600AC7EDE;
			productRefGroup = 81431341242A542600AC7EDE /* Products */;
			projectDirPath = "";
			projectRoot = "";
			targets = (
				8143133F242A542600AC7EDE /* VK */,
			);
		};
/* End PBXProject section */

/* Begin PBXResourcesBuildPhase section */
		8143133E242A542600AC7EDE /* Resources */ = {
			isa = PBXResourcesBuildPhase;
			buildActionMask = 2147483647;
			files = (
				81431350242A542700AC7EDE /* LaunchScreen.storyboard in Resources */,
				8143134D242A542700AC7EDE /* Assets.xcassets in Resources */,
				8143134B242A542600AC7EDE /* Main.storyboard in Resources */,
			);
			runOnlyForDeploymentPostprocessing = 0;
		};
/* End PBXResourcesBuildPhase section */

/* Begin PBXShellScriptBuildPhase section */
		5FEBF564D9FFAA19A094BE93 /* [CP] Embed Pods Frameworks */ = {
			isa = PBXShellScriptBuildPhase;
			buildActionMask = 12;
			files = (
			);
			inputFileListPaths = (
				"${PODS_ROOT}/Target Support Files/Pods-VK/Pods-VK-frameworks-${CONFIGURATION}-input-files.xcfilelist",
			);
			inputPaths = (
			);
			name = "[CP] Embed Pods Frameworks";
			outputFileListPaths = (
				"${PODS_ROOT}/Target Support Files/Pods-VK/Pods-VK-frameworks-${CONFIGURATION}-output-files.xcfilelist",
			);
			runOnlyForDeploymentPostprocessing = 0;
			shellPath = /bin/sh;
			shellScript = "\"${PODS_ROOT}/Target Support Files/Pods-VK/Pods-VK-frameworks.sh\"\n";
			showEnvVarsInLog = 0;
		};
		73EEE26561E680FD3ADD194A /* [CP] Check Pods Manifest.lock */ = {
			isa = PBXShellScriptBuildPhase;
			buildActionMask = 2147483647;
			files = (
			);
			inputFileListPaths = (
			);
			inputPaths = (
				"${PODS_PODFILE_DIR_PATH}/Podfile.lock",
				"${PODS_ROOT}/Manifest.lock",
			);
			name = "[CP] Check Pods Manifest.lock";
			outputFileListPaths = (
			);
			outputPaths = (
				"$(DERIVED_FILE_DIR)/Pods-VK-checkManifestLockResult.txt",
			);
			runOnlyForDeploymentPostprocessing = 0;
			shellPath = /bin/sh;
			shellScript = "diff \"${PODS_PODFILE_DIR_PATH}/Podfile.lock\" \"${PODS_ROOT}/Manifest.lock\" > /dev/null\nif [ $? != 0 ] ; then\n    # print error to STDERR\n    echo \"error: The sandbox is not in sync with the Podfile.lock. Run 'pod install' or update your CocoaPods installation.\" >&2\n    exit 1\nfi\n# This output is used by Xcode 'outputs' to avoid re-running this script phase.\necho \"SUCCESS\" > \"${SCRIPT_OUTPUT_FILE_0}\"\n";
			showEnvVarsInLog = 0;
		};
/* End PBXShellScriptBuildPhase section */

/* Begin PBXSourcesBuildPhase section */
		8143133C242A542600AC7EDE /* Sources */ = {
			isa = PBXSourcesBuildPhase;
			buildActionMask = 2147483647;
			files = (
				8190149E2469874100EEA322 /* Session.swift in Sources */,
				81431348242A542600AC7EDE /* LoginFormController.swift in Sources */,
				81525F292474E66C002122A5 /* Group.swift in Sources */,
				81BECEB725ED082E00687F18 /* AuthorNewsCell.swift in Sources */,
				81E6FDBE2434B55400E2A6B6 /* AllGroupsController.swift in Sources */,
				81DA86F02438EA57002E5BAB /* AvatarView.swift in Sources */,
				81C588F025F91E5300E53864 /* DotLoadView.swift in Sources */,
				81E6FDB42434A4C900E2A6B6 /* MyFriendsController.swift in Sources */,
				81805EEC247108E4009E95E7 /* APIRequests.swift in Sources */,
				81431344242A542600AC7EDE /* AppDelegate.swift in Sources */,
				817E9E5025EBC9410029789B /* NewsVC.swift in Sources */,
				81E6FDBA2434A7AB00E2A6B6 /* MyGroupsCell.swift in Sources */,
				817E9E4A25EBB0E00029789B /* NewsImageCell.swift in Sources */,
				81525F252474B976002122A5 /* User.swift in Sources */,
				81E6FDBC2434B41C00E2A6B6 /* AllGroupsCell.swift in Sources */,
				81DFBFB4243F45420094EAB2 /* PhotoView.swift in Sources */,
				8102647C2434C042005A662C /* FriendsPhotoController.swift in Sources */,
				817E9E4725EBAFFC0029789B /* NewsTextCell.swift in Sources */,
				81525F272474E640002122A5 /* Photo.swift in Sources */,
				81B23AC625F2995900777E23 /* News.swift in Sources */,
				81E6FDB82434A71F00E2A6B6 /* MyGroupsController.swift in Sources */,
				81BECEBB25ED086D00687F18 /* NewsFooterCell.swift in Sources */,
				8102647E2434C093005A662C /* FriendsPhotoCell.swift in Sources */,
				812A580224600933004BACB9 /* PhotoViewController.swift in Sources */,
				811F0972244AF31D005419D0 /* LikeButton.swift in Sources */,
				81E6FDB62434A5FF00E2A6B6 /* MyFriendsCell.swift in Sources */,
			);
			runOnlyForDeploymentPostprocessing = 0;
		};
/* End PBXSourcesBuildPhase section */

/* Begin PBXVariantGroup section */
		81431349242A542600AC7EDE /* Main.storyboard */ = {
			isa = PBXVariantGroup;
			children = (
				8143134A242A542600AC7EDE /* Base */,
			);
			name = Main.storyboard;
			sourceTree = "<group>";
		};
		8143134E242A542700AC7EDE /* LaunchScreen.storyboard */ = {
			isa = PBXVariantGroup;
			children = (
				8143134F242A542700AC7EDE /* Base */,
			);
			name = LaunchScreen.storyboard;
			sourceTree = "<group>";
		};
/* End PBXVariantGroup section */

/* Begin XCBuildConfiguration section */
		81431352242A542700AC7EDE /* Debug */ = {
			isa = XCBuildConfiguration;
			buildSettings = {
				ALWAYS_SEARCH_USER_PATHS = NO;
				CLANG_ANALYZER_NONNULL = YES;
				CLANG_ANALYZER_NUMBER_OBJECT_CONVERSION = YES_AGGRESSIVE;
				CLANG_CXX_LANGUAGE_STANDARD = "gnu++14";
				CLANG_CXX_LIBRARY = "libc++";
				CLANG_ENABLE_MODULES = YES;
				CLANG_ENABLE_OBJC_ARC = YES;
				CLANG_ENABLE_OBJC_WEAK = YES;
				CLANG_WARN_BLOCK_CAPTURE_AUTORELEASING = YES;
				CLANG_WARN_BOOL_CONVERSION = YES;
				CLANG_WARN_COMMA = YES;
				CLANG_WARN_CONSTANT_CONVERSION = YES;
				CLANG_WARN_DEPRECATED_OBJC_IMPLEMENTATIONS = YES;
				CLANG_WARN_DIRECT_OBJC_ISA_USAGE = YES_ERROR;
				CLANG_WARN_DOCUMENTATION_COMMENTS = YES;
				CLANG_WARN_EMPTY_BODY = YES;
				CLANG_WARN_ENUM_CONVERSION = YES;
				CLANG_WARN_INFINITE_RECURSION = YES;
				CLANG_WARN_INT_CONVERSION = YES;
				CLANG_WARN_NON_LITERAL_NULL_CONVERSION = YES;
				CLANG_WARN_OBJC_IMPLICIT_RETAIN_SELF = YES;
				CLANG_WARN_OBJC_LITERAL_CONVERSION = YES;
				CLANG_WARN_OBJC_ROOT_CLASS = YES_ERROR;
				CLANG_WARN_QUOTED_INCLUDE_IN_FRAMEWORK_HEADER = YES;
				CLANG_WARN_RANGE_LOOP_ANALYSIS = YES;
				CLANG_WARN_STRICT_PROTOTYPES = YES;
				CLANG_WARN_SUSPICIOUS_MOVE = YES;
				CLANG_WARN_UNGUARDED_AVAILABILITY = YES_AGGRESSIVE;
				CLANG_WARN_UNREACHABLE_CODE = YES;
				CLANG_WARN__DUPLICATE_METHOD_MATCH = YES;
				COPY_PHASE_STRIP = NO;
				DEBUG_INFORMATION_FORMAT = dwarf;
				ENABLE_STRICT_OBJC_MSGSEND = YES;
				ENABLE_TESTABILITY = YES;
				GCC_C_LANGUAGE_STANDARD = gnu11;
				GCC_DYNAMIC_NO_PIC = NO;
				GCC_NO_COMMON_BLOCKS = YES;
				GCC_OPTIMIZATION_LEVEL = 0;
				GCC_PREPROCESSOR_DEFINITIONS = (
					"DEBUG=1",
					"$(inherited)",
				);
				GCC_WARN_64_TO_32_BIT_CONVERSION = YES;
				GCC_WARN_ABOUT_RETURN_TYPE = YES_ERROR;
				GCC_WARN_UNDECLARED_SELECTOR = YES;
				GCC_WARN_UNINITIALIZED_AUTOS = YES_AGGRESSIVE;
				GCC_WARN_UNUSED_FUNCTION = YES;
				GCC_WARN_UNUSED_VARIABLE = YES;
				IPHONEOS_DEPLOYMENT_TARGET = 13.2;
				MTL_ENABLE_DEBUG_INFO = INCLUDE_SOURCE;
				MTL_FAST_MATH = YES;
				ONLY_ACTIVE_ARCH = YES;
				SDKROOT = iphoneos;
				SWIFT_ACTIVE_COMPILATION_CONDITIONS = DEBUG;
				SWIFT_OPTIMIZATION_LEVEL = "-Onone";
			};
			name = Debug;
		};
		81431353242A542700AC7EDE /* Release */ = {
			isa = XCBuildConfiguration;
			buildSettings = {
				ALWAYS_SEARCH_USER_PATHS = NO;
				CLANG_ANALYZER_NONNULL = YES;
				CLANG_ANALYZER_NUMBER_OBJECT_CONVERSION = YES_AGGRESSIVE;
				CLANG_CXX_LANGUAGE_STANDARD = "gnu++14";
				CLANG_CXX_LIBRARY = "libc++";
				CLANG_ENABLE_MODULES = YES;
				CLANG_ENABLE_OBJC_ARC = YES;
				CLANG_ENABLE_OBJC_WEAK = YES;
				CLANG_WARN_BLOCK_CAPTURE_AUTORELEASING = YES;
				CLANG_WARN_BOOL_CONVERSION = YES;
				CLANG_WARN_COMMA = YES;
				CLANG_WARN_CONSTANT_CONVERSION = YES;
				CLANG_WARN_DEPRECATED_OBJC_IMPLEMENTATIONS = YES;
				CLANG_WARN_DIRECT_OBJC_ISA_USAGE = YES_ERROR;
				CLANG_WARN_DOCUMENTATION_COMMENTS = YES;
				CLANG_WARN_EMPTY_BODY = YES;
				CLANG_WARN_ENUM_CONVERSION = YES;
				CLANG_WARN_INFINITE_RECURSION = YES;
				CLANG_WARN_INT_CONVERSION = YES;
				CLANG_WARN_NON_LITERAL_NULL_CONVERSION = YES;
				CLANG_WARN_OBJC_IMPLICIT_RETAIN_SELF = YES;
				CLANG_WARN_OBJC_LITERAL_CONVERSION = YES;
				CLANG_WARN_OBJC_ROOT_CLASS = YES_ERROR;
				CLANG_WARN_QUOTED_INCLUDE_IN_FRAMEWORK_HEADER = YES;
				CLANG_WARN_RANGE_LOOP_ANALYSIS = YES;
				CLANG_WARN_STRICT_PROTOTYPES = YES;
				CLANG_WARN_SUSPICIOUS_MOVE = YES;
				CLANG_WARN_UNGUARDED_AVAILABILITY = YES_AGGRESSIVE;
				CLANG_WARN_UNREACHABLE_CODE = YES;
				CLANG_WARN__DUPLICATE_METHOD_MATCH = YES;
				COPY_PHASE_STRIP = NO;
				DEBUG_INFORMATION_FORMAT = "dwarf-with-dsym";
				ENABLE_NS_ASSERTIONS = NO;
				ENABLE_STRICT_OBJC_MSGSEND = YES;
				GCC_C_LANGUAGE_STANDARD = gnu11;
				GCC_NO_COMMON_BLOCKS = YES;
				GCC_WARN_64_TO_32_BIT_CONVERSION = YES;
				GCC_WARN_ABOUT_RETURN_TYPE = YES_ERROR;
				GCC_WARN_UNDECLARED_SELECTOR = YES;
				GCC_WARN_UNINITIALIZED_AUTOS = YES_AGGRESSIVE;
				GCC_WARN_UNUSED_FUNCTION = YES;
				GCC_WARN_UNUSED_VARIABLE = YES;
				IPHONEOS_DEPLOYMENT_TARGET = 13.2;
				MTL_ENABLE_DEBUG_INFO = NO;
				MTL_FAST_MATH = YES;
				SDKROOT = iphoneos;
				SWIFT_COMPILATION_MODE = wholemodule;
				SWIFT_OPTIMIZATION_LEVEL = "-O";
				VALIDATE_PRODUCT = YES;
			};
			name = Release;
		};
		81431355242A542700AC7EDE /* Debug */ = {
			isa = XCBuildConfiguration;
			baseConfigurationReference = 0655DE91FB76B7CD6FE78BC2 /* Pods-VK.debug.xcconfig */;
			buildSettings = {
				ASSETCATALOG_COMPILER_APPICON_NAME = AppIcon;
				CODE_SIGN_STYLE = Automatic;
				DEVELOPMENT_TEAM = SPAUA3R9XX;
				INFOPLIST_FILE = VK/Info.plist;
				IPHONEOS_DEPLOYMENT_TARGET = 13.0;
				LD_RUNPATH_SEARCH_PATHS = (
					"$(inherited)",
					"@executable_path/Frameworks",
				);
				PRODUCT_BUNDLE_IDENTIFIER = "egorovmikhail-bk.ru.VK";
				PRODUCT_NAME = "$(TARGET_NAME)";
				SWIFT_VERSION = 5.0;
				TARGETED_DEVICE_FAMILY = "1,2";
			};
			name = Debug;
		};
		81431356242A542700AC7EDE /* Release */ = {
			isa = XCBuildConfiguration;
			baseConfigurationReference = 314D77913B0EDD0CD5A235BE /* Pods-VK.release.xcconfig */;
			buildSettings = {
				ASSETCATALOG_COMPILER_APPICON_NAME = AppIcon;
				CODE_SIGN_STYLE = Automatic;
				DEVELOPMENT_TEAM = SPAUA3R9XX;
				INFOPLIST_FILE = VK/Info.plist;
				IPHONEOS_DEPLOYMENT_TARGET = 13.0;
				LD_RUNPATH_SEARCH_PATHS = (
					"$(inherited)",
					"@executable_path/Frameworks",
				);
				PRODUCT_BUNDLE_IDENTIFIER = "egorovmikhail-bk.ru.VK";
				PRODUCT_NAME = "$(TARGET_NAME)";
				SWIFT_VERSION = 5.0;
				TARGETED_DEVICE_FAMILY = "1,2";
			};
			name = Release;
		};
/* End XCBuildConfiguration section */

/* Begin XCConfigurationList section */
		8143133B242A542600AC7EDE /* Build configuration list for PBXProject "VK" */ = {
			isa = XCConfigurationList;
			buildConfigurations = (
				81431352242A542700AC7EDE /* Debug */,
				81431353242A542700AC7EDE /* Release */,
			);
			defaultConfigurationIsVisible = 0;
			defaultConfigurationName = Release;
		};
		81431354242A542700AC7EDE /* Build configuration list for PBXNativeTarget "VK" */ = {
			isa = XCConfigurationList;
			buildConfigurations = (
				81431355242A542700AC7EDE /* Debug */,
				81431356242A542700AC7EDE /* Release */,
			);
			defaultConfigurationIsVisible = 0;
			defaultConfigurationName = Release;
		};
/* End XCConfigurationList section */
	};
	rootObject = 81431338242A542600AC7EDE /* Project object */;
}
